{
  "lockfileVersion": 2,
  "configVersion": 1,
  "workspaces": {
    "": {
      "name": "vfp-linter-server",
      "dependencies": {
        "vscode-languageserver": "^10.1.1",
        "vscode-languageserver-textdocument": "^1.0.14",
      },
    },
  },
  "packages": {
    "vscode-jsonrpc": ["vscode-jsonrpc@9.0.2", "", {}, "sha512-SbQSV9yRemARxeXw6LU5sS6Zq0e9/DgCCX5yelH263ZQWukbTk8EF8fjTrr1dziasf4GwlJbvTwFnTrnQFWZXQ=="],

    "vscode-languageserver": ["vscode-languageserver@10.1.1", "", { "dependencies": { "vscode-languageserver-protocol": "3.18.3" }, "bin": { "installServerIntoExtension": "bin/installServerIntoExtension" } }, "sha512-/cG04Fiq99rEtoDrfPpv0k6NyUFlck5GNtZLQZv1rxkBkc/4FrJNvEKTN5k1Si3O1hRguP++ciYlX9cdjdYxFQ=="],

    "vscode-languageserver-protocol": ["vscode-languageserver-protocol@3.18.3", "", { "dependencies": { "vscode-jsonrpc": "9.0.2", "vscode-languageserver-types": "3.18.3" } }, "sha512-DF49+WeV5py4zO5hhobp60jjsDSK0lAqA0OuKBLBvp423HPWQcCbhZz3JgyfIewsEz2f8U+X75xNIFHdiXZm2w=="],

    "vscode-languageserver-textdocument": ["vscode-languageserver-textdocument@1.0.14", "", {}, "sha512-EQyqJMi552E4ZTf46izQ4Fj6XquqxCySR3J5ZSD1SisMf6RfpeOWHxGBE8Gr6V0/3GHIGdAzDn8F8+1nTGCnoQ=="],

    "vscode-languageserver-types": ["vscode-languageserver-types@3.18.3", "", {}, "sha512-XIlzJ7Qp/jzSI1ds7/FwPAWrPeTZA7pAtlW4hdJ1J6xXWJL6dR9QYnDhJOdLzdKhUQ5Mm6mvUMw+3DcOQQasPw=="],
  }
}
